// !$*UTF8*$!
{
	archiveVersion = 1;
	classes = {
	};
	objectVersion = 56;
	objects = {

/* Begin PBXBuildFile section */
		46636B112A0F92D000624D9C /* DummyApp.swift in Sources */ = {isa = PBXBuildFile; fileRef = 46636B102A0F92D000624D9C /* DummyApp.swift */; };
		46636B132A0F92D000624D9C /* ContentView.swift in Sources */ = {isa = PBXBuildFile; fileRef = 46636B122A0F92D000624D9C /* ContentView.swift */; };
		46636B152A0F92D100624D9C /* Assets.xcassets in Resources */ = {isa = PBXBuildFile; fileRef = 46636B142A0F92D100624D9C /* Assets.xcassets */; };
		46636B182A0F92D100624D9C /* Preview Assets.xcassets in Resources */ = {isa = PBXBuildFile; fileRef = 46636B172A0F92D100624D9C /* Preview Assets.xcassets */; };
		46636B202A0F93AD00624D9C /* HTTPClient.swift in Sources */ = {isa = PBXBuildFile; fileRef = 46636B1F2A0F93AD00624D9C /* HTTPClient.swift */; };
		46636B222A0F93CB00624D9C /* HTTPResource.swift in Sources */ = {isa = PBXBuildFile; fileRef = 46636B212A0F93CB00624D9C /* HTTPResource.swift */; };
		46636B242A0F93E300624D9C /* HTTPClientError.swift in Sources */ = {isa = PBXBuildFile; fileRef = 46636B232A0F93E300624D9C /* HTTPClientError.swift */; };
		46636B3F2A0FAC9B00624D9C /* ProductsProvider.swift in Sources */ = {isa = PBXBuildFile; fileRef = 46636B3E2A0FAC9B00624D9C /* ProductsProvider.swift */; };
		46636B412A0FACB600624D9C /* ProductsPage.swift in Sources */ = {isa = PBXBuildFile; fileRef = 46636B402A0FACB600624D9C /* ProductsPage.swift */; };
		46636B432A0FACC800624D9C /* ProductsDTO.swift in Sources */ = {isa = PBXBuildFile; fileRef = 46636B422A0FACC800624D9C /* ProductsDTO.swift */; };
		46636B462A0FACDB00624D9C /* Product.swift in Sources */ = {isa = PBXBuildFile; fileRef = 46636B452A0FACDB00624D9C /* Product.swift */; };
		46636B482A0FAD6500624D9C /* ProductsProviderTests.swift in Sources */ = {isa = PBXBuildFile; fileRef = 46636B472A0FAD6500624D9C /* ProductsProviderTests.swift */; };
		46636B4A2A0FAD9200624D9C /* HTTPClientMock.swift in Sources */ = {isa = PBXBuildFile; fileRef = 46636B492A0FAD9200624D9C /* HTTPClientMock.swift */; };
		46636B542A0FB93700624D9C /* ProductDTOFactory.swift in Sources */ = {isa = PBXBuildFile; fileRef = 46636B532A0FB93700624D9C /* ProductDTOFactory.swift */; };
		46636B572A0FBAF100624D9C /* HomeView.swift in Sources */ = {isa = PBXBuildFile; fileRef = 46636B562A0FBAF100624D9C /* HomeView.swift */; };
		46636B592A0FBB1300624D9C /* CartView.swift in Sources */ = {isa = PBXBuildFile; fileRef = 46636B582A0FBB1300624D9C /* CartView.swift */; };
		46636B5D2A0FBC3000624D9C /* HomeViewModel.swift in Sources */ = {isa = PBXBuildFile; fileRef = 46636B5C2A0FBC3000624D9C /* HomeViewModel.swift */; };
/* End PBXBuildFile section */

/* Begin PBXContainerItemProxy section */
		46636B2D2A0F996000624D9C /* PBXContainerItemProxy */ = {
			isa = PBXContainerItemProxy;
			containerPortal = 46636B052A0F92D000624D9C /* Project object */;
			proxyType = 1;
			remoteGlobalIDString = 46636B0C2A0F92D000624D9C;
			remoteInfo = DummyApp;
		};
/* End PBXContainerItemProxy section */

/* Begin PBXFileReference section */
		46636B0D2A0F92D000624D9C /* DummyApp.app */ = {isa = PBXFileReference; explicitFileType = wrapper.application; includeInIndex = 0; path = DummyApp.app; sourceTree = BUILT_PRODUCTS_DIR; };
		46636B102A0F92D000624D9C /* DummyApp.swift */ = {isa = PBXFileReference; lastKnownFileType = sourcecode.swift; path = DummyApp.swift; sourceTree = "<group>"; };
		46636B122A0F92D000624D9C /* ContentView.swift */ = {isa = PBXFileReference; lastKnownFileType = sourcecode.swift; path = ContentView.swift; sourceTree = "<group>"; };
		46636B142A0F92D100624D9C /* Assets.xcassets */ = {isa = PBXFileReference; lastKnownFileType = folder.assetcatalog; path = Assets.xcassets; sourceTree = "<group>"; };
		46636B172A0F92D100624D9C /* Preview Assets.xcassets */ = {isa = PBXFileReference; lastKnownFileType = folder.assetcatalog; path = "Preview Assets.xcassets"; sourceTree = "<group>"; };
		46636B1F2A0F93AD00624D9C /* HTTPClient.swift */ = {isa = PBXFileReference; lastKnownFileType = sourcecode.swift; path = HTTPClient.swift; sourceTree = "<group>"; };
		46636B212A0F93CB00624D9C /* HTTPResource.swift */ = {isa = PBXFileReference; lastKnownFileType = sourcecode.swift; path = HTTPResource.swift; sourceTree = "<group>"; };
		46636B232A0F93E300624D9C /* HTTPClientError.swift */ = {isa = PBXFileReference; lastKnownFileType = sourcecode.swift; path = HTTPClientError.swift; sourceTree = "<group>"; };
		46636B292A0F996000624D9C /* DummyAppTests.xctest */ = {isa = PBXFileReference; explicitFileType = wrapper.cfbundle; includeInIndex = 0; path = DummyAppTests.xctest; sourceTree = BUILT_PRODUCTS_DIR; };
		46636B3E2A0FAC9B00624D9C /* ProductsProvider.swift */ = {isa = PBXFileReference; lastKnownFileType = sourcecode.swift; path = ProductsProvider.swift; sourceTree = "<group>"; };
		46636B402A0FACB600624D9C /* ProductsPage.swift */ = {isa = PBXFileReference; lastKnownFileType = sourcecode.swift; path = ProductsPage.swift; sourceTree = "<group>"; };
		46636B422A0FACC800624D9C /* ProductsDTO.swift */ = {isa = PBXFileReference; lastKnownFileType = sourcecode.swift; path = ProductsDTO.swift; sourceTree = "<group>"; };
		46636B452A0FACDB00624D9C /* Product.swift */ = {isa = PBXFileReference; lastKnownFileType = sourcecode.swift; path = Product.swift; sourceTree = "<group>"; };
		46636B472A0FAD6500624D9C /* ProductsProviderTests.swift */ = {isa = PBXFileReference; lastKnownFileType = sourcecode.swift; path = ProductsProviderTests.swift; sourceTree = "<group>"; };
		46636B492A0FAD9200624D9C /* HTTPClientMock.swift */ = {isa = PBXFileReference; lastKnownFileType = sourcecode.swift; path = HTTPClientMock.swift; sourceTree = "<group>"; };
		46636B532A0FB93700624D9C /* ProductDTOFactory.swift */ = {isa = PBXFileReference; lastKnownFileType = sourcecode.swift; path = ProductDTOFactory.swift; sourceTree = "<group>"; };
		46636B562A0FBAF100624D9C /* HomeView.swift */ = {isa = PBXFileReference; lastKnownFileType = sourcecode.swift; path = HomeView.swift; sourceTree = "<group>"; };
		46636B582A0FBB1300624D9C /* CartView.swift */ = {isa = PBXFileReference; lastKnownFileType = sourcecode.swift; path = CartView.swift; sourceTree = "<group>"; };
		46636B5C2A0FBC3000624D9C /* HomeViewModel.swift */ = {isa = PBXFileReference; lastKnownFileType = sourcecode.swift; path = HomeViewModel.swift; sourceTree = "<group>"; };
/* End PBXFileReference section */

/* Begin PBXFrameworksBuildPhase section */
		46636B0A2A0F92D000624D9C /* Frameworks */ = {
			isa = PBXFrameworksBuildPhase;
			buildActionMask = 2147483647;
			files = (
			);
			runOnlyForDeploymentPostprocessing = 0;
		};
		46636B262A0F996000624D9C /* Frameworks */ = {
			isa = PBXFrameworksBuildPhase;
			buildActionMask = 2147483647;
			files = (
			);
			runOnlyForDeploymentPostprocessing = 0;
		};
/* End PBXFrameworksBuildPhase section */

/* Begin PBXGroup section */
		46636B042A0F92D000624D9C = {
			isa = PBXGroup;
			children = (
				46636B0F2A0F92D000624D9C /* DummyApp */,
				46636B2A2A0F996000624D9C /* DummyAppTests */,
				46636B0E2A0F92D000624D9C /* Products */,
			);
			sourceTree = "<group>";
		};
		46636B0E2A0F92D000624D9C /* Products */ = {
			isa = PBXGroup;
			children = (
				46636B0D2A0F92D000624D9C /* DummyApp.app */,
				46636B292A0F996000624D9C /* DummyAppTests.xctest */,
			);
			name = Products;
			sourceTree = "<group>";
		};
		46636B0F2A0F92D000624D9C /* DummyApp */ = {
			isa = PBXGroup;
			children = (
				46636B552A0FBAE500624D9C /* Screens */,
				46636B442A0FACD300624D9C /* Models */,
				46636B3D2A0FAC9100624D9C /* DataProviders */,
				46636B1E2A0F939E00624D9C /* HTTPClient */,
				46636B102A0F92D000624D9C /* DummyApp.swift */,
				46636B122A0F92D000624D9C /* ContentView.swift */,
				46636B142A0F92D100624D9C /* Assets.xcassets */,
				46636B162A0F92D100624D9C /* Preview Content */,
			);
			path = DummyApp;
			sourceTree = "<group>";
		};
		46636B162A0F92D100624D9C /* Preview Content */ = {
			isa = PBXGroup;
			children = (
				46636B172A0F92D100624D9C /* Preview Assets.xcassets */,
			);
			path = "Preview Content";
			sourceTree = "<group>";
		};
		46636B1E2A0F939E00624D9C /* HTTPClient */ = {
			isa = PBXGroup;
			children = (
				46636B1F2A0F93AD00624D9C /* HTTPClient.swift */,
				46636B212A0F93CB00624D9C /* HTTPResource.swift */,
				46636B232A0F93E300624D9C /* HTTPClientError.swift */,
			);
			path = HTTPClient;
			sourceTree = "<group>";
		};
		46636B2A2A0F996000624D9C /* DummyAppTests */ = {
			isa = PBXGroup;
			children = (
				46636B322A0F9B5B00624D9C /* TestDoubles */,
				46636B472A0FAD6500624D9C /* ProductsProviderTests.swift */,
			);
			path = DummyAppTests;
			sourceTree = "<group>";
		};
		46636B322A0F9B5B00624D9C /* TestDoubles */ = {
			isa = PBXGroup;
			children = (
				46636B492A0FAD9200624D9C /* HTTPClientMock.swift */,
				46636B532A0FB93700624D9C /* ProductDTOFactory.swift */,
			);
			path = TestDoubles;
			sourceTree = "<group>";
		};
		46636B3D2A0FAC9100624D9C /* DataProviders */ = {
			isa = PBXGroup;
			children = (
				46636B3E2A0FAC9B00624D9C /* ProductsProvider.swift */,
				46636B402A0FACB600624D9C /* ProductsPage.swift */,
				46636B422A0FACC800624D9C /* ProductsDTO.swift */,
			);
			path = DataProviders;
			sourceTree = "<group>";
		};
		46636B442A0FACD300624D9C /* Models */ = {
			isa = PBXGroup;
			children = (
				46636B452A0FACDB00624D9C /* Product.swift */,
			);
			path = Models;
			sourceTree = "<group>";
		};
		46636B552A0FBAE500624D9C /* Screens */ = {
			isa = PBXGroup;
			children = (
				46636B5B2A0FBB5B00624D9C /* Cart */,
				46636B5A2A0FBB5000624D9C /* Home */,
			);
			path = Screens;
			sourceTree = "<group>";
		};
		46636B5A2A0FBB5000624D9C /* Home */ = {
			isa = PBXGroup;
			children = (
				46636B562A0FBAF100624D9C /* HomeView.swift */,
				46636B5C2A0FBC3000624D9C /* HomeViewModel.swift */,
			);
			path = Home;
			sourceTree = "<group>";
		};
		46636B5B2A0FBB5B00624D9C /* Cart */ = {
			isa = PBXGroup;
			children = (
				46636B582A0FBB1300624D9C /* CartView.swift */,
			);
			path = Cart;
			sourceTree = "<group>";
		};
/* End PBXGroup section */

/* Begin PBXNativeTarget section */
		46636B0C2A0F92D000624D9C /* DummyApp */ = {
			isa = PBXNativeTarget;
			buildConfigurationList = 46636B1B2A0F92D100624D9C /* Build configuration list for PBXNativeTarget "DummyApp" */;
			buildPhases = (
				46636B092A0F92D000624D9C /* Sources */,
				46636B0A2A0F92D000624D9C /* Frameworks */,
				46636B0B2A0F92D000624D9C /* Resources */,
			);
			buildRules = (
			);
			dependencies = (
			);
			name = DummyApp;
			productName = DummyApp;
			productReference = 46636B0D2A0F92D000624D9C /* DummyApp.app */;
			productType = "com.apple.product-type.application";
		};
		46636B282A0F996000624D9C /* DummyAppTests */ = {
			isa = PBXNativeTarget;
			buildConfigurationList = 46636B2F2A0F996000624D9C /* Build configuration list for PBXNativeTarget "DummyAppTests" */;
			buildPhases = (
				46636B252A0F996000624D9C /* Sources */,
				46636B262A0F996000624D9C /* Frameworks */,
				46636B272A0F996000624D9C /* Resources */,
			);
			buildRules = (
			);
			dependencies = (
				46636B2E2A0F996000624D9C /* PBXTargetDependency */,
			);
			name = DummyAppTests;
			productName = DummyAppTests;
			productReference = 46636B292A0F996000624D9C /* DummyAppTests.xctest */;
			productType = "com.apple.product-type.bundle.unit-test";
		};
/* End PBXNativeTarget section */

/* Begin PBXProject section */
		46636B052A0F92D000624D9C /* Project object */ = {
			isa = PBXProject;
			attributes = {
				BuildIndependentTargetsInParallel = 1;
				LastSwiftUpdateCheck = 1420;
				LastUpgradeCheck = 1420;
				TargetAttributes = {
					46636B0C2A0F92D000624D9C = {
						CreatedOnToolsVersion = 14.2;
					};
					46636B282A0F996000624D9C = {
						CreatedOnToolsVersion = 14.2;
						TestTargetID = 46636B0C2A0F92D000624D9C;
					};
				};
			};
			buildConfigurationList = 46636B082A0F92D000624D9C /* Build configuration list for PBXProject "DummyApp" */;
			compatibilityVersion = "Xcode 14.0";
			developmentRegion = en;
			hasScannedForEncodings = 0;
			knownRegions = (
				en,
				Base,
			);
			mainGroup = 46636B042A0F92D000624D9C;
			productRefGroup = 46636B0E2A0F92D000624D9C /* Products */;
			projectDirPath = "";
			projectRoot = "";
			targets = (
				46636B0C2A0F92D000624D9C /* DummyApp */,
				46636B282A0F996000624D9C /* DummyAppTests */,
			);
		};
/* End PBXProject section */

/* Begin PBXResourcesBuildPhase section */
		46636B0B2A0F92D000624D9C /* Resources */ = {
			isa = PBXResourcesBuildPhase;
			buildActionMask = 2147483647;
			files = (
				46636B182A0F92D100624D9C /* Preview Assets.xcassets in Resources */,
				46636B152A0F92D100624D9C /* Assets.xcassets in Resources */,
			);
			runOnlyForDeploymentPostprocessing = 0;
		};
		46636B272A0F996000624D9C /* Resources */ = {
			isa = PBXResourcesBuildPhase;
			buildActionMask = 2147483647;
			files = (
			);
			runOnlyForDeploymentPostprocessing = 0;
		};
/* End PBXResourcesBuildPhase section */

/* Begin PBXSourcesBuildPhase section */
		46636B092A0F92D000624D9C /* Sources */ = {
			isa = PBXSourcesBuildPhase;
			buildActionMask = 2147483647;
			files = (
				46636B412A0FACB600624D9C /* ProductsPage.swift in Sources */,
				46636B132A0F92D000624D9C /* ContentView.swift in Sources */,
				46636B462A0FACDB00624D9C /* Product.swift in Sources */,
				46636B222A0F93CB00624D9C /* HTTPResource.swift in Sources */,
				46636B242A0F93E300624D9C /* HTTPClientError.swift in Sources */,
				46636B592A0FBB1300624D9C /* CartView.swift in Sources */,
				46636B112A0F92D000624D9C /* DummyApp.swift in Sources */,
				46636B5D2A0FBC3000624D9C /* HomeViewModel.swift in Sources */,
				46636B572A0FBAF100624D9C /* HomeView.swift in Sources */,
				46636B202A0F93AD00624D9C /* HTTPClient.swift in Sources */,
				46636B3F2A0FAC9B00624D9C /* ProductsProvider.swift in Sources */,
				46636B432A0FACC800624D9C /* ProductsDTO.swift in Sources */,
			);
			runOnlyForDeploymentPostprocessing = 0;
		};
		46636B252A0F996000624D9C /* Sources */ = {
			isa = PBXSourcesBuildPhase;
			buildActionMask = 2147483647;
			files = (
				46636B4A2A0FAD9200624D9C /* HTTPClientMock.swift in Sources */,
				46636B542A0FB93700624D9C /* ProductDTOFactory.swift in Sources */,
				46636B482A0FAD6500624D9C /* ProductsProviderTests.swift in Sources */,
			);
			runOnlyForDeploymentPostprocessing = 0;
		};
/* End PBXSourcesBuildPhase section */

/* Begin PBXTargetDependency section */
		46636B2E2A0F996000624D9C /* PBXTargetDependency */ = {
			isa = PBXTargetDependency;
			target = 46636B0C2A0F92D000624D9C /* DummyApp */;
			targetProxy = 46636B2D2A0F996000624D9C /* PBXContainerItemProxy */;
		};
/* End PBXTargetDependency section */

/* Begin XCBuildConfiguration section */
		46636B192A0F92D100624D9C /* Debug */ = {
			isa = XCBuildConfiguration;
			buildSettings = {
				ALWAYS_SEARCH_USER_PATHS = NO;
				CLANG_ANALYZER_NONNULL = YES;
				CLANG_ANALYZER_NUMBER_OBJECT_CONVERSION = YES_AGGRESSIVE;
				CLANG_CXX_LANGUAGE_STANDARD = "gnu++20";
				CLANG_ENABLE_MODULES = YES;
				CLANG_ENABLE_OBJC_ARC = YES;
				CLANG_ENABLE_OBJC_WEAK = YES;
				CLANG_WARN_BLOCK_CAPTURE_AUTORELEASING = YES;
				CLANG_WARN_BOOL_CONVERSION = YES;
				CLANG_WARN_COMMA = YES;
				CLANG_WARN_CONSTANT_CONVERSION = YES;
				CLANG_WARN_DEPRECATED_OBJC_IMPLEMENTATIONS = YES;
				CLANG_WARN_DIRECT_OBJC_ISA_USAGE = YES_ERROR;
				CLANG_WARN_DOCUMENTATION_COMMENTS = YES;
				CLANG_WARN_EMPTY_BODY = YES;
				CLANG_WARN_ENUM_CONVERSION = YES;
				CLANG_WARN_INFINITE_RECURSION = YES;
				CLANG_WARN_INT_CONVERSION = YES;
				CLANG_WARN_NON_LITERAL_NULL_CONVERSION = YES;
				CLANG_WARN_OBJC_IMPLICIT_RETAIN_SELF = YES;
				CLANG_WARN_OBJC_LITERAL_CONVERSION = YES;
				CLANG_WARN_OBJC_ROOT_CLASS = YES_ERROR;
				CLANG_WARN_QUOTED_INCLUDE_IN_FRAMEWORK_HEADER = YES;
				CLANG_WARN_RANGE_LOOP_ANALYSIS = YES;
				CLANG_WARN_STRICT_PROTOTYPES = YES;
				CLANG_WARN_SUSPICIOUS_MOVE = YES;
				CLANG_WARN_UNGUARDED_AVAILABILITY = YES_AGGRESSIVE;
				CLANG_WARN_UNREACHABLE_CODE = YES;
				CLANG_WARN__DUPLICATE_METHOD_MATCH = YES;
				COPY_PHASE_STRIP = NO;
				DEBUG_INFORMATION_FORMAT = dwarf;
				ENABLE_STRICT_OBJC_MSGSEND = YES;
				ENABLE_TESTABILITY = YES;
				GCC_C_LANGUAGE_STANDARD = gnu11;
				GCC_DYNAMIC_NO_PIC = NO;
				GCC_NO_COMMON_BLOCKS = YES;
				GCC_OPTIMIZATION_LEVEL = 0;
				GCC_PREPROCESSOR_DEFINITIONS = (
					"DEBUG=1",
					"$(inherited)",
				);
				GCC_WARN_64_TO_32_BIT_CONVERSION = YES;
				GCC_WARN_ABOUT_RETURN_TYPE = YES_ERROR;
				GCC_WARN_UNDECLARED_SELECTOR = YES;
				GCC_WARN_UNINITIALIZED_AUTOS = YES_AGGRESSIVE;
				GCC_WARN_UNUSED_FUNCTION = YES;
				GCC_WARN_UNUSED_VARIABLE = YES;
				IPHONEOS_DEPLOYMENT_TARGET = 16.2;
				MTL_ENABLE_DEBUG_INFO = INCLUDE_SOURCE;
				MTL_FAST_MATH = YES;
				ONLY_ACTIVE_ARCH = YES;
				SDKROOT = iphoneos;
				SWIFT_ACTIVE_COMPILATION_CONDITIONS = DEBUG;
				SWIFT_OPTIMIZATION_LEVEL = "-Onone";
			};
			name = Debug;
		};
		46636B1A2A0F92D100624D9C /* Release */ = {
			isa = XCBuildConfiguration;
			buildSettings = {
				ALWAYS_SEARCH_USER_PATHS = NO;
				CLANG_ANALYZER_NONNULL = YES;
				CLANG_ANALYZER_NUMBER_OBJECT_CONVERSION = YES_AGGRESSIVE;
				CLANG_CXX_LANGUAGE_STANDARD = "gnu++20";
				CLANG_ENABLE_MODULES = YES;
				CLANG_ENABLE_OBJC_ARC = YES;
				CLANG_ENABLE_OBJC_WEAK = YES;
				CLANG_WARN_BLOCK_CAPTURE_AUTORELEASING = YES;
				CLANG_WARN_BOOL_CONVERSION = YES;
				CLANG_WARN_COMMA = YES;
				CLANG_WARN_CONSTANT_CONVERSION = YES;
				CLANG_WARN_DEPRECATED_OBJC_IMPLEMENTATIONS = YES;
				CLANG_WARN_DIRECT_OBJC_ISA_USAGE = YES_ERROR;
				CLANG_WARN_DOCUMENTATION_COMMENTS = YES;
				CLANG_WARN_EMPTY_BODY = YES;
				CLANG_WARN_ENUM_CONVERSION = YES;
				CLANG_WARN_INFINITE_RECURSION = YES;
				CLANG_WARN_INT_CONVERSION = YES;
				CLANG_WARN_NON_LITERAL_NULL_CONVERSION = YES;
				CLANG_WARN_OBJC_IMPLICIT_RETAIN_SELF = YES;
				CLANG_WARN_OBJC_LITERAL_CONVERSION = YES;
				CLANG_WARN_OBJC_ROOT_CLASS = YES_ERROR;
				CLANG_WARN_QUOTED_INCLUDE_IN_FRAMEWORK_HEADER = YES;
				CLANG_WARN_RANGE_LOOP_ANALYSIS = YES;
				CLANG_WARN_STRICT_PROTOTYPES = YES;
				CLANG_WARN_SUSPICIOUS_MOVE = YES;
				CLANG_WARN_UNGUARDED_AVAILABILITY = YES_AGGRESSIVE;
				CLANG_WARN_UNREACHABLE_CODE = YES;
				CLANG_WARN__DUPLICATE_METHOD_MATCH = YES;
				COPY_PHASE_STRIP = NO;
				DEBUG_INFORMATION_FORMAT = "dwarf-with-dsym";
				ENABLE_NS_ASSERTIONS = NO;
				ENABLE_STRICT_OBJC_MSGSEND = YES;
				GCC_C_LANGUAGE_STANDARD = gnu11;
				GCC_NO_COMMON_BLOCKS = YES;
				GCC_WARN_64_TO_32_BIT_CONVERSION = YES;
				GCC_WARN_ABOUT_RETURN_TYPE = YES_ERROR;
				GCC_WARN_UNDECLARED_SELECTOR = YES;
				GCC_WARN_UNINITIALIZED_AUTOS = YES_AGGRESSIVE;
				GCC_WARN_UNUSED_FUNCTION = YES;
				GCC_WARN_UNUSED_VARIABLE = YES;
				IPHONEOS_DEPLOYMENT_TARGET = 16.2;
				MTL_ENABLE_DEBUG_INFO = NO;
				MTL_FAST_MATH = YES;
				SDKROOT = iphoneos;
				SWIFT_COMPILATION_MODE = wholemodule;
				SWIFT_OPTIMIZATION_LEVEL = "-O";
				VALIDATE_PRODUCT = YES;
			};
			name = Release;
		};
		46636B1C2A0F92D100624D9C /* Debug */ = {
			isa = XCBuildConfiguration;
			buildSettings = {
				ASSETCATALOG_COMPILER_APPICON_NAME = AppIcon;
				ASSETCATALOG_COMPILER_GLOBAL_ACCENT_COLOR_NAME = AccentColor;
				CODE_SIGN_STYLE = Automatic;
				CURRENT_PROJECT_VERSION = 1;
				DEVELOPMENT_ASSET_PATHS = "\"DummyApp/Preview Content\"";
				DEVELOPMENT_TEAM = QD5ZB8ECBE;
				ENABLE_PREVIEWS = YES;
				GENERATE_INFOPLIST_FILE = YES;
				INFOPLIST_KEY_UIApplicationSceneManifest_Generation = YES;
				INFOPLIST_KEY_UIApplicationSupportsIndirectInputEvents = YES;
				INFOPLIST_KEY_UILaunchScreen_Generation = YES;
				INFOPLIST_KEY_UISupportedInterfaceOrientations_iPad = "UIInterfaceOrientationPortrait UIInterfaceOrientationPortraitUpsideDown UIInterfaceOrientationLandscapeLeft UIInterfaceOrientationLandscapeRight";
				INFOPLIST_KEY_UISupportedInterfaceOrientations_iPhone = "UIInterfaceOrientationPortrait UIInterfaceOrientationLandscapeLeft UIInterfaceOrientationLandscapeRight";
				LD_RUNPATH_SEARCH_PATHS = (
					"$(inherited)",
					"@executable_path/Frameworks",
				);
				MARKETING_VERSION = 1.0;
				PRODUCT_BUNDLE_IDENTIFIER = com.russell.DummyApp;
				PRODUCT_NAME = "$(TARGET_NAME)";
				SWIFT_EMIT_LOC_STRINGS = YES;
				SWIFT_VERSION = 5.0;
				TARGETED_DEVICE_FAMILY = "1,2";
			};
			name = Debug;
		};
		46636B1D2A0F92D100624D9C /* Release */ = {
			isa = XCBuildConfiguration;
			buildSettings = {
				ASSETCATALOG_COMPILER_APPICON_NAME = AppIcon;
				ASSETCATALOG_COMPILER_GLOBAL_ACCENT_COLOR_NAME = AccentColor;
				CODE_SIGN_STYLE = Automatic;
				CURRENT_PROJECT_VERSION = 1;
				DEVELOPMENT_ASSET_PATHS = "\"DummyApp/Preview Content\"";
				DEVELOPMENT_TEAM = QD5ZB8ECBE;
				ENABLE_PREVIEWS = YES;
				GENERATE_INFOPLIST_FILE = YES;
				INFOPLIST_KEY_UIApplicationSceneManifest_Generation = YES;
				INFOPLIST_KEY_UIApplicationSupportsIndirectInputEvents = YES;
				INFOPLIST_KEY_UILaunchScreen_Generation = YES;
				INFOPLIST_KEY_UISupportedInterfaceOrientations_iPad = "UIInterfaceOrientationPortrait UIInterfaceOrientationPortraitUpsideDown UIInterfaceOrientationLandscapeLeft UIInterfaceOrientationLandscapeRight";
				INFOPLIST_KEY_UISupportedInterfaceOrientations_iPhone = "UIInterfaceOrientationPortrait UIInterfaceOrientationLandscapeLeft UIInterfaceOrientationLandscapeRight";
				LD_RUNPATH_SEARCH_PATHS = (
					"$(inherited)",
					"@executable_path/Frameworks",
				);
				MARKETING_VERSION = 1.0;
				PRODUCT_BUNDLE_IDENTIFIER = com.russell.DummyApp;
				PRODUCT_NAME = "$(TARGET_NAME)";
				SWIFT_EMIT_LOC_STRINGS = YES;
				SWIFT_VERSION = 5.0;
				TARGETED_DEVICE_FAMILY = "1,2";
			};
			name = Release;
		};
		46636B302A0F996000624D9C /* Debug */ = {
			isa = XCBuildConfiguration;
			buildSettings = {
				BUNDLE_LOADER = "$(TEST_HOST)";
				CODE_SIGN_STYLE = Automatic;
				CURRENT_PROJECT_VERSION = 1;
				DEVELOPMENT_TEAM = QD5ZB8ECBE;
				GENERATE_INFOPLIST_FILE = YES;
				MARKETING_VERSION = 1.0;
				PRODUCT_BUNDLE_IDENTIFIER = com.russell.DummyAppTests;
				PRODUCT_NAME = "$(TARGET_NAME)";
				SWIFT_EMIT_LOC_STRINGS = NO;
				SWIFT_VERSION = 5.0;
				TARGETED_DEVICE_FAMILY = "1,2";
				TEST_HOST = "$(BUILT_PRODUCTS_DIR)/DummyApp.app/$(BUNDLE_EXECUTABLE_FOLDER_PATH)/DummyApp";
			};
			name = Debug;
		};
		46636B312A0F996000624D9C /* Release */ = {
			isa = XCBuildConfiguration;
			buildSettings = {
				BUNDLE_LOADER = "$(TEST_HOST)";
				CODE_SIGN_STYLE = Automatic;
				CURRENT_PROJECT_VERSION = 1;
				DEVELOPMENT_TEAM = QD5ZB8ECBE;
				GENERATE_INFOPLIST_FILE = YES;
				MARKETING_VERSION = 1.0;
				PRODUCT_BUNDLE_IDENTIFIER = com.russell.DummyAppTests;
				PRODUCT_NAME = "$(TARGET_NAME)";
				SWIFT_EMIT_LOC_STRINGS = NO;
				SWIFT_VERSION = 5.0;
				TARGETED_DEVICE_FAMILY = "1,2";
				TEST_HOST = "$(BUILT_PRODUCTS_DIR)/DummyApp.app/$(BUNDLE_EXECUTABLE_FOLDER_PATH)/DummyApp";
			};
			name = Release;
		};
/* End XCBuildConfiguration section */

/* Begin XCConfigurationList section */
		46636B082A0F92D000624D9C /* Build configuration list for PBXProject "DummyApp" */ = {
			isa = XCConfigurationList;
			buildConfigurations = (
				46636B192A0F92D100624D9C /* Debug */,
				46636B1A2A0F92D100624D9C /* Release */,
			);
			defaultConfigurationIsVisible = 0;
			defaultConfigurationName = Release;
		};
		46636B1B2A0F92D100624D9C /* Build configuration list for PBXNativeTarget "DummyApp" */ = {
			isa = XCConfigurationList;
			buildConfigurations = (
				46636B1C2A0F92D100624D9C /* Debug */,
				46636B1D2A0F92D100624D9C /* Release */,
			);
			defaultConfigurationIsVisible = 0;
			defaultConfigurationName = Release;
		};
		46636B2F2A0F996000624D9C /* Build configuration list for PBXNativeTarget "DummyAppTests" */ = {
			isa = XCConfigurationList;
			buildConfigurations = (
				46636B302A0F996000624D9C /* Debug */,
				46636B312A0F996000624D9C /* Release */,
			);
			defaultConfigurationIsVisible = 0;
			defaultConfigurationName = Release;
		};
/* End XCConfigurationList section */
	};
	rootObject = 46636B052A0F92D000624D9C /* Project object */;
}
