// !$*UTF8*$!
{
	archiveVersion = 1;
	classes = {
	};
	objectVersion = 56;
	objects = {

/* Begin PBXBuildFile section */
		46C639AF2A6287620033FB47 /* Assets.xcassets in Resources */ = {isa = PBXBuildFile; fileRef = 46C639AE2A6287620033FB47 /* Assets.xcassets */; };
		46C639B32A62876C0033FB47 /* ContentView.swift in Sources */ = {isa = PBXBuildFile; fileRef = 46C639B12A62876C0033FB47 /* ContentView.swift */; };
		46C639B42A62876C0033FB47 /* DummyApp.swift in Sources */ = {isa = PBXBuildFile; fileRef = 46C639B22A62876C0033FB47 /* DummyApp.swift */; };
		46C639B72A6288900033FB47 /* CartFeature in Frameworks */ = {isa = PBXBuildFile; productRef = 46C639B62A6288900033FB47 /* CartFeature */; };
		46F347A02A628B1C001604B4 /* HomeFeature in Frameworks */ = {isa = PBXBuildFile; productRef = 46F3479F2A628B1C001604B4 /* HomeFeature */; };
		46F347A22A628B81001604B4 /* CartPersistence in Frameworks */ = {isa = PBXBuildFile; productRef = 46F347A12A628B81001604B4 /* CartPersistence */; };
		46F347A42A628B81001604B4 /* CartPersistenceLive in Frameworks */ = {isa = PBXBuildFile; productRef = 46F347A32A628B81001604B4 /* CartPersistenceLive */; };
		46F347A62A628B81001604B4 /* DummyAPI in Frameworks */ = {isa = PBXBuildFile; productRef = 46F347A52A628B81001604B4 /* DummyAPI */; };
		46F347A82A628B81001604B4 /* DummyAPILive in Frameworks */ = {isa = PBXBuildFile; productRef = 46F347A72A628B81001604B4 /* DummyAPILive */; };
		46F347AA2A628B81001604B4 /* PathMonitorClient in Frameworks */ = {isa = PBXBuildFile; productRef = 46F347A92A628B81001604B4 /* PathMonitorClient */; };
		46F347AC2A628B81001604B4 /* PathMonitorClientLive in Frameworks */ = {isa = PBXBuildFile; productRef = 46F347AB2A628B81001604B4 /* PathMonitorClientLive */; };
		46F347AE2A628B81001604B4 /* SharedModels in Frameworks */ = {isa = PBXBuildFile; productRef = 46F347AD2A628B81001604B4 /* SharedModels */; };
		46F347B02A628B81001604B4 /* SharedModelsMocks in Frameworks */ = {isa = PBXBuildFile; productRef = 46F347AF2A628B81001604B4 /* SharedModelsMocks */; };
		46F347B22A628B81001604B4 /* SharedModelsPreview in Frameworks */ = {isa = PBXBuildFile; productRef = 46F347B12A628B81001604B4 /* SharedModelsPreview */; };
		46F347B42A628B81001604B4 /* SharedUI in Frameworks */ = {isa = PBXBuildFile; productRef = 46F347B32A628B81001604B4 /* SharedUI */; };
/* End PBXBuildFile section */

/* Begin PBXFileReference section */
		46636B0D2A0F92D000624D9C /* DummyApp.app */ = {isa = PBXFileReference; explicitFileType = wrapper.application; includeInIndex = 0; path = DummyApp.app; sourceTree = BUILT_PRODUCTS_DIR; };
		46C639AE2A6287620033FB47 /* Assets.xcassets */ = {isa = PBXFileReference; lastKnownFileType = folder.assetcatalog; path = Assets.xcassets; sourceTree = "<group>"; };
		46C639B12A62876C0033FB47 /* ContentView.swift */ = {isa = PBXFileReference; fileEncoding = 4; lastKnownFileType = sourcecode.swift; path = ContentView.swift; sourceTree = "<group>"; };
		46C639B22A62876C0033FB47 /* DummyApp.swift */ = {isa = PBXFileReference; fileEncoding = 4; lastKnownFileType = sourcecode.swift; path = DummyApp.swift; sourceTree = "<group>"; };
		46C639B52A6287870033FB47 /* DummyApp */ = {isa = PBXFileReference; lastKnownFileType = wrapper; name = DummyApp; path = ..; sourceTree = "<group>"; };
		46F347B62A628BF2001604B4 /* UnitTests.xctestplan */ = {isa = PBXFileReference; lastKnownFileType = text; path = UnitTests.xctestplan; sourceTree = "<group>"; };
/* End PBXFileReference section */

/* Begin PBXFrameworksBuildPhase section */
		46636B0A2A0F92D000624D9C /* Frameworks */ = {
			isa = PBXFrameworksBuildPhase;
			buildActionMask = 2147483647;
			files = (
				46F347AA2A628B81001604B4 /* PathMonitorClient in Frameworks */,
				46F347AE2A628B81001604B4 /* SharedModels in Frameworks */,
				46F347AC2A628B81001604B4 /* PathMonitorClientLive in Frameworks */,
				46F347B02A628B81001604B4 /* SharedModelsMocks in Frameworks */,
				46F347A82A628B81001604B4 /* DummyAPILive in Frameworks */,
				46F347A02A628B1C001604B4 /* HomeFeature in Frameworks */,
				46F347B22A628B81001604B4 /* SharedModelsPreview in Frameworks */,
				46F347A62A628B81001604B4 /* DummyAPI in Frameworks */,
				46F347A22A628B81001604B4 /* CartPersistence in Frameworks */,
				46F347B42A628B81001604B4 /* SharedUI in Frameworks */,
				46F347A42A628B81001604B4 /* CartPersistenceLive in Frameworks */,
				46C639B72A6288900033FB47 /* CartFeature in Frameworks */,
			);
			runOnlyForDeploymentPostprocessing = 0;
		};
/* End PBXFrameworksBuildPhase section */

/* Begin PBXGroup section */
		46636B042A0F92D000624D9C = {
			isa = PBXGroup;
			children = (
				46C639B52A6287870033FB47 /* DummyApp */,
				46C639B02A62876C0033FB47 /* iOS */,
				46F347B52A628BDC001604B4 /* TestPlans */,
				46636B0E2A0F92D000624D9C /* Products */,
				4679447D2A42D9FE00A36EA4 /* Frameworks */,
			);
			sourceTree = "<group>";
		};
		46636B0E2A0F92D000624D9C /* Products */ = {
			isa = PBXGroup;
			children = (
				46636B0D2A0F92D000624D9C /* DummyApp.app */,
			);
			name = Products;
			sourceTree = "<group>";
		};
		4679447D2A42D9FE00A36EA4 /* Frameworks */ = {
			isa = PBXGroup;
			children = (
			);
			name = Frameworks;
			sourceTree = "<group>";
		};
		46C639B02A62876C0033FB47 /* iOS */ = {
			isa = PBXGroup;
			children = (
				46C639AE2A6287620033FB47 /* Assets.xcassets */,
				46C639B12A62876C0033FB47 /* ContentView.swift */,
				46C639B22A62876C0033FB47 /* DummyApp.swift */,
			);
			path = iOS;
			sourceTree = "<group>";
		};
		46F347B52A628BDC001604B4 /* TestPlans */ = {
			isa = PBXGroup;
			children = (
				46F347B62A628BF2001604B4 /* UnitTests.xctestplan */,
			);
			path = TestPlans;
			sourceTree = "<group>";
		};
/* End PBXGroup section */

/* Begin PBXNativeTarget section */
		46636B0C2A0F92D000624D9C /* DummyApp */ = {
			isa = PBXNativeTarget;
			buildConfigurationList = 46636B1B2A0F92D100624D9C /* Build configuration list for PBXNativeTarget "DummyApp" */;
			buildPhases = (
				46636B092A0F92D000624D9C /* Sources */,
				46636B0A2A0F92D000624D9C /* Frameworks */,
				46636B0B2A0F92D000624D9C /* Resources */,
			);
			buildRules = (
			);
			dependencies = (
			);
			name = DummyApp;
			packageProductDependencies = (
				46C639B62A6288900033FB47 /* CartFeature */,
				46F3479F2A628B1C001604B4 /* HomeFeature */,
				46F347A12A628B81001604B4 /* CartPersistence */,
				46F347A32A628B81001604B4 /* CartPersistenceLive */,
				46F347A52A628B81001604B4 /* DummyAPI */,
				46F347A72A628B81001604B4 /* DummyAPILive */,
				46F347A92A628B81001604B4 /* PathMonitorClient */,
				46F347AB2A628B81001604B4 /* PathMonitorClientLive */,
				46F347AD2A628B81001604B4 /* SharedModels */,
				46F347AF2A628B81001604B4 /* SharedModelsMocks */,
				46F347B12A628B81001604B4 /* SharedModelsPreview */,
				46F347B32A628B81001604B4 /* SharedUI */,
			);
			productName = DummyApp;
			productReference = 46636B0D2A0F92D000624D9C /* DummyApp.app */;
			productType = "com.apple.product-type.application";
		};
/* End PBXNativeTarget section */

/* Begin PBXProject section */
		46636B052A0F92D000624D9C /* Project object */ = {
			isa = PBXProject;
			attributes = {
				BuildIndependentTargetsInParallel = 1;
				LastSwiftUpdateCheck = 1420;
				LastUpgradeCheck = 1420;
				TargetAttributes = {
					46636B0C2A0F92D000624D9C = {
						CreatedOnToolsVersion = 14.2;
					};
				};
			};
			buildConfigurationList = 46636B082A0F92D000624D9C /* Build configuration list for PBXProject "DummyApp" */;
			compatibilityVersion = "Xcode 14.0";
			developmentRegion = en;
			hasScannedForEncodings = 0;
			knownRegions = (
				en,
				Base,
			);
			mainGroup = 46636B042A0F92D000624D9C;
			packageReferences = (
				46F9AA7F2A3780160051F2E8 /* XCRemoteSwiftPackageReference "swift-dependencies" */,
			);
			productRefGroup = 46636B0E2A0F92D000624D9C /* Products */;
			projectDirPath = "";
			projectRoot = "";
			targets = (
				46636B0C2A0F92D000624D9C /* DummyApp */,
			);
		};
/* End PBXProject section */

/* Begin PBXResourcesBuildPhase section */
		46636B0B2A0F92D000624D9C /* Resources */ = {
			isa = PBXResourcesBuildPhase;
			buildActionMask = 2147483647;
			files = (
				46C639AF2A6287620033FB47 /* Assets.xcassets in Resources */,
			);
			runOnlyForDeploymentPostprocessing = 0;
		};
/* End PBXResourcesBuildPhase section */

/* Begin PBXSourcesBuildPhase section */
		46636B092A0F92D000624D9C /* Sources */ = {
			isa = PBXSourcesBuildPhase;
			buildActionMask = 2147483647;
			files = (
				46C639B42A62876C0033FB47 /* DummyApp.swift in Sources */,
				46C639B32A62876C0033FB47 /* ContentView.swift in Sources */,
			);
			runOnlyForDeploymentPostprocessing = 0;
		};
/* End PBXSourcesBuildPhase section */

/* Begin XCBuildConfiguration section */
		46636B192A0F92D100624D9C /* Debug */ = {
			isa = XCBuildConfiguration;
			buildSettings = {
				ALWAYS_SEARCH_USER_PATHS = NO;
				CLANG_ANALYZER_NONNULL = YES;
				CLANG_ANALYZER_NUMBER_OBJECT_CONVERSION = YES_AGGRESSIVE;
				CLANG_CXX_LANGUAGE_STANDARD = "gnu++20";
				CLANG_ENABLE_MODULES = YES;
				CLANG_ENABLE_OBJC_ARC = YES;
				CLANG_ENABLE_OBJC_WEAK = YES;
				CLANG_WARN_BLOCK_CAPTURE_AUTORELEASING = YES;
				CLANG_WARN_BOOL_CONVERSION = YES;
				CLANG_WARN_COMMA = YES;
				CLANG_WARN_CONSTANT_CONVERSION = YES;
				CLANG_WARN_DEPRECATED_OBJC_IMPLEMENTATIONS = YES;
				CLANG_WARN_DIRECT_OBJC_ISA_USAGE = YES_ERROR;
				CLANG_WARN_DOCUMENTATION_COMMENTS = YES;
				CLANG_WARN_EMPTY_BODY = YES;
				CLANG_WARN_ENUM_CONVERSION = YES;
				CLANG_WARN_INFINITE_RECURSION = YES;
				CLANG_WARN_INT_CONVERSION = YES;
				CLANG_WARN_NON_LITERAL_NULL_CONVERSION = YES;
				CLANG_WARN_OBJC_IMPLICIT_RETAIN_SELF = YES;
				CLANG_WARN_OBJC_LITERAL_CONVERSION = YES;
				CLANG_WARN_OBJC_ROOT_CLASS = YES_ERROR;
				CLANG_WARN_QUOTED_INCLUDE_IN_FRAMEWORK_HEADER = YES;
				CLANG_WARN_RANGE_LOOP_ANALYSIS = YES;
				CLANG_WARN_STRICT_PROTOTYPES = YES;
				CLANG_WARN_SUSPICIOUS_MOVE = YES;
				CLANG_WARN_UNGUARDED_AVAILABILITY = YES_AGGRESSIVE;
				CLANG_WARN_UNREACHABLE_CODE = YES;
				CLANG_WARN__DUPLICATE_METHOD_MATCH = YES;
				COPY_PHASE_STRIP = NO;
				DEBUG_INFORMATION_FORMAT = dwarf;
				ENABLE_STRICT_OBJC_MSGSEND = YES;
				ENABLE_TESTABILITY = YES;
				GCC_C_LANGUAGE_STANDARD = gnu11;
				GCC_DYNAMIC_NO_PIC = NO;
				GCC_NO_COMMON_BLOCKS = YES;
				GCC_OPTIMIZATION_LEVEL = 0;
				GCC_PREPROCESSOR_DEFINITIONS = (
					"DEBUG=1",
					"$(inherited)",
				);
				GCC_WARN_64_TO_32_BIT_CONVERSION = YES;
				GCC_WARN_ABOUT_RETURN_TYPE = YES_ERROR;
				GCC_WARN_UNDECLARED_SELECTOR = YES;
				GCC_WARN_UNINITIALIZED_AUTOS = YES_AGGRESSIVE;
				GCC_WARN_UNUSED_FUNCTION = YES;
				GCC_WARN_UNUSED_VARIABLE = YES;
				IPHONEOS_DEPLOYMENT_TARGET = 17.0;
				MTL_ENABLE_DEBUG_INFO = INCLUDE_SOURCE;
				MTL_FAST_MATH = YES;
				ONLY_ACTIVE_ARCH = YES;
				SDKROOT = iphoneos;
				SWIFT_ACTIVE_COMPILATION_CONDITIONS = DEBUG;
				SWIFT_OPTIMIZATION_LEVEL = "-Onone";
			};
			name = Debug;
		};
		46636B1A2A0F92D100624D9C /* Release */ = {
			isa = XCBuildConfiguration;
			buildSettings = {
				ALWAYS_SEARCH_USER_PATHS = NO;
				CLANG_ANALYZER_NONNULL = YES;
				CLANG_ANALYZER_NUMBER_OBJECT_CONVERSION = YES_AGGRESSIVE;
				CLANG_CXX_LANGUAGE_STANDARD = "gnu++20";
				CLANG_ENABLE_MODULES = YES;
				CLANG_ENABLE_OBJC_ARC = YES;
				CLANG_ENABLE_OBJC_WEAK = YES;
				CLANG_WARN_BLOCK_CAPTURE_AUTORELEASING = YES;
				CLANG_WARN_BOOL_CONVERSION = YES;
				CLANG_WARN_COMMA = YES;
				CLANG_WARN_CONSTANT_CONVERSION = YES;
				CLANG_WARN_DEPRECATED_OBJC_IMPLEMENTATIONS = YES;
				CLANG_WARN_DIRECT_OBJC_ISA_USAGE = YES_ERROR;
				CLANG_WARN_DOCUMENTATION_COMMENTS = YES;
				CLANG_WARN_EMPTY_BODY = YES;
				CLANG_WARN_ENUM_CONVERSION = YES;
				CLANG_WARN_INFINITE_RECURSION = YES;
				CLANG_WARN_INT_CONVERSION = YES;
				CLANG_WARN_NON_LITERAL_NULL_CONVERSION = YES;
				CLANG_WARN_OBJC_IMPLICIT_RETAIN_SELF = YES;
				CLANG_WARN_OBJC_LITERAL_CONVERSION = YES;
				CLANG_WARN_OBJC_ROOT_CLASS = YES_ERROR;
				CLANG_WARN_QUOTED_INCLUDE_IN_FRAMEWORK_HEADER = YES;
				CLANG_WARN_RANGE_LOOP_ANALYSIS = YES;
				CLANG_WARN_STRICT_PROTOTYPES = YES;
				CLANG_WARN_SUSPICIOUS_MOVE = YES;
				CLANG_WARN_UNGUARDED_AVAILABILITY = YES_AGGRESSIVE;
				CLANG_WARN_UNREACHABLE_CODE = YES;
				CLANG_WARN__DUPLICATE_METHOD_MATCH = YES;
				COPY_PHASE_STRIP = NO;
				DEBUG_INFORMATION_FORMAT = "dwarf-with-dsym";
				ENABLE_NS_ASSERTIONS = NO;
				ENABLE_STRICT_OBJC_MSGSEND = YES;
				GCC_C_LANGUAGE_STANDARD = gnu11;
				GCC_NO_COMMON_BLOCKS = YES;
				GCC_WARN_64_TO_32_BIT_CONVERSION = YES;
				GCC_WARN_ABOUT_RETURN_TYPE = YES_ERROR;
				GCC_WARN_UNDECLARED_SELECTOR = YES;
				GCC_WARN_UNINITIALIZED_AUTOS = YES_AGGRESSIVE;
				GCC_WARN_UNUSED_FUNCTION = YES;
				GCC_WARN_UNUSED_VARIABLE = YES;
				IPHONEOS_DEPLOYMENT_TARGET = 17.0;
				MTL_ENABLE_DEBUG_INFO = NO;
				MTL_FAST_MATH = YES;
				SDKROOT = iphoneos;
				SWIFT_COMPILATION_MODE = wholemodule;
				SWIFT_OPTIMIZATION_LEVEL = "-O";
				VALIDATE_PRODUCT = YES;
			};
			name = Release;
		};
		46636B1C2A0F92D100624D9C /* Debug */ = {
			isa = XCBuildConfiguration;
			buildSettings = {
				ASSETCATALOG_COMPILER_APPICON_NAME = AppIcon;
				ASSETCATALOG_COMPILER_GLOBAL_ACCENT_COLOR_NAME = AccentColor;
				CODE_SIGN_STYLE = Automatic;
				CURRENT_PROJECT_VERSION = 1;
				DEVELOPMENT_ASSET_PATHS = "";
				DEVELOPMENT_TEAM = QD5ZB8ECBE;
				ENABLE_PREVIEWS = YES;
				GENERATE_INFOPLIST_FILE = YES;
				INFOPLIST_KEY_UIApplicationSceneManifest_Generation = YES;
				INFOPLIST_KEY_UIApplicationSupportsIndirectInputEvents = YES;
				INFOPLIST_KEY_UILaunchScreen_Generation = YES;
				INFOPLIST_KEY_UISupportedInterfaceOrientations_iPad = "UIInterfaceOrientationPortrait UIInterfaceOrientationPortraitUpsideDown UIInterfaceOrientationLandscapeLeft UIInterfaceOrientationLandscapeRight";
				INFOPLIST_KEY_UISupportedInterfaceOrientations_iPhone = "UIInterfaceOrientationPortrait UIInterfaceOrientationLandscapeLeft UIInterfaceOrientationLandscapeRight";
				IPHONEOS_DEPLOYMENT_TARGET = 17.0;
				LD_RUNPATH_SEARCH_PATHS = (
					"$(inherited)",
					"@executable_path/Frameworks",
				);
				MARKETING_VERSION = 1.0;
				PRODUCT_BUNDLE_IDENTIFIER = com.russell.DummyApp;
				PRODUCT_NAME = "$(TARGET_NAME)";
				SWIFT_EMIT_LOC_STRINGS = YES;
				SWIFT_VERSION = 5.0;
				TARGETED_DEVICE_FAMILY = "1,2";
			};
			name = Debug;
		};
		46636B1D2A0F92D100624D9C /* Release */ = {
			isa = XCBuildConfiguration;
			buildSettings = {
				ASSETCATALOG_COMPILER_APPICON_NAME = AppIcon;
				ASSETCATALOG_COMPILER_GLOBAL_ACCENT_COLOR_NAME = AccentColor;
				CODE_SIGN_STYLE = Automatic;
				CURRENT_PROJECT_VERSION = 1;
				DEVELOPMENT_ASSET_PATHS = "";
				DEVELOPMENT_TEAM = QD5ZB8ECBE;
				ENABLE_PREVIEWS = YES;
				GENERATE_INFOPLIST_FILE = YES;
				INFOPLIST_KEY_UIApplicationSceneManifest_Generation = YES;
				INFOPLIST_KEY_UIApplicationSupportsIndirectInputEvents = YES;
				INFOPLIST_KEY_UILaunchScreen_Generation = YES;
				INFOPLIST_KEY_UISupportedInterfaceOrientations_iPad = "UIInterfaceOrientationPortrait UIInterfaceOrientationPortraitUpsideDown UIInterfaceOrientationLandscapeLeft UIInterfaceOrientationLandscapeRight";
				INFOPLIST_KEY_UISupportedInterfaceOrientations_iPhone = "UIInterfaceOrientationPortrait UIInterfaceOrientationLandscapeLeft UIInterfaceOrientationLandscapeRight";
				IPHONEOS_DEPLOYMENT_TARGET = 17.0;
				LD_RUNPATH_SEARCH_PATHS = (
					"$(inherited)",
					"@executable_path/Frameworks",
				);
				MARKETING_VERSION = 1.0;
				PRODUCT_BUNDLE_IDENTIFIER = com.russell.DummyApp;
				PRODUCT_NAME = "$(TARGET_NAME)";
				SWIFT_EMIT_LOC_STRINGS = YES;
				SWIFT_VERSION = 5.0;
				TARGETED_DEVICE_FAMILY = "1,2";
			};
			name = Release;
		};
/* End XCBuildConfiguration section */

/* Begin XCConfigurationList section */
		46636B082A0F92D000624D9C /* Build configuration list for PBXProject "DummyApp" */ = {
			isa = XCConfigurationList;
			buildConfigurations = (
				46636B192A0F92D100624D9C /* Debug */,
				46636B1A2A0F92D100624D9C /* Release */,
			);
			defaultConfigurationIsVisible = 0;
			defaultConfigurationName = Release;
		};
		46636B1B2A0F92D100624D9C /* Build configuration list for PBXNativeTarget "DummyApp" */ = {
			isa = XCConfigurationList;
			buildConfigurations = (
				46636B1C2A0F92D100624D9C /* Debug */,
				46636B1D2A0F92D100624D9C /* Release */,
			);
			defaultConfigurationIsVisible = 0;
			defaultConfigurationName = Release;
		};
/* End XCConfigurationList section */

/* Begin XCRemoteSwiftPackageReference section */
		46F9AA7F2A3780160051F2E8 /* XCRemoteSwiftPackageReference "swift-dependencies" */ = {
			isa = XCRemoteSwiftPackageReference;
			repositoryURL = "https://github.com/pointfreeco/swift-dependencies";
			requirement = {
				kind = upToNextMajorVersion;
				minimumVersion = 0.5.1;
			};
		};
/* End XCRemoteSwiftPackageReference section */

/* Begin XCSwiftPackageProductDependency section */
		46C639B62A6288900033FB47 /* CartFeature */ = {
			isa = XCSwiftPackageProductDependency;
			productName = CartFeature;
		};
		46F3479F2A628B1C001604B4 /* HomeFeature */ = {
			isa = XCSwiftPackageProductDependency;
			productName = HomeFeature;
		};
		46F347A12A628B81001604B4 /* CartPersistence */ = {
			isa = XCSwiftPackageProductDependency;
			productName = CartPersistence;
		};
		46F347A32A628B81001604B4 /* CartPersistenceLive */ = {
			isa = XCSwiftPackageProductDependency;
			productName = CartPersistenceLive;
		};
		46F347A52A628B81001604B4 /* DummyAPI */ = {
			isa = XCSwiftPackageProductDependency;
			productName = DummyAPI;
		};
		46F347A72A628B81001604B4 /* DummyAPILive */ = {
			isa = XCSwiftPackageProductDependency;
			productName = DummyAPILive;
		};
		46F347A92A628B81001604B4 /* PathMonitorClient */ = {
			isa = XCSwiftPackageProductDependency;
			productName = PathMonitorClient;
		};
		46F347AB2A628B81001604B4 /* PathMonitorClientLive */ = {
			isa = XCSwiftPackageProductDependency;
			productName = PathMonitorClientLive;
		};
		46F347AD2A628B81001604B4 /* SharedModels */ = {
			isa = XCSwiftPackageProductDependency;
			productName = SharedModels;
		};
		46F347AF2A628B81001604B4 /* SharedModelsMocks */ = {
			isa = XCSwiftPackageProductDependency;
			productName = SharedModelsMocks;
		};
		46F347B12A628B81001604B4 /* SharedModelsPreview */ = {
			isa = XCSwiftPackageProductDependency;
			productName = SharedModelsPreview;
		};
		46F347B32A628B81001604B4 /* SharedUI */ = {
			isa = XCSwiftPackageProductDependency;
			productName = SharedUI;
		};
/* End XCSwiftPackageProductDependency section */
	};
	rootObject = 46636B052A0F92D000624D9C /* Project object */;
}
